
Microsoft Visual Studio Solution File, Format Version 12.00
# Visual Studio 14
VisualStudioVersion = 14.0.25420.1
MinimumVisualStudioVersion = 10.0.40219.1
Project("{FAE04EC0-301F-11D3-BF4B-00C04F79EFBC}") = "WCFAssignmentLib", "WCFAssignmentLib\WCFAssignmentLib.csproj", "{6C4F765A-861F-4FC2-B38B-E7174B2D3084}"
EndProject
Project("{FAE04EC0-301F-11D3-BF4B-00C04F79EFBC}") = "MyAssignmentServiceHost", "MyAssignmentServiceHost\MyAssignmentServiceHost.csproj", "{3B26EB84-74B6-432F-AF10-E6FE2B41A035}"
EndProject
Global
	GlobalSection(SolutionConfigurationPlatforms) = preSolution
		Debug|Any CPU = Debug|Any CPU
		Release|Any CPU = Release|Any CPU
	EndGlobalSection
	GlobalSection(ProjectConfigurationPlatforms) = postSolution
		{6C4F765A-861F-4FC2-B38B-E7174B2D3084}.Debug|Any CPU.ActiveCfg = Debug|Any CPU
		{6C4F765A-861F-4FC2-B38B-E7174B2D3084}.Debug|Any CPU.Build.0 = Debug|Any CPU
		{6C4F765A-861F-4FC2-B38B-E7174B2D3084}.Release|Any CPU.ActiveCfg = Release|Any CPU
		{6C4F765A-861F-4FC2-B38B-E7174B2D3084}.Release|Any CPU.Build.0 = Release|Any CPU
		{3B26EB84-74B6-432F-AF10-E6FE2B41A035}.Debug|Any CPU.ActiveCfg = Debug|Any CPU
		{3B26EB84-74B6-432F-AF10-E6FE2B41A035}.Debug|Any CPU.Build.0 = Debug|Any CPU
		{3B26EB84-74B6-432F-AF10-E6FE2B41A035}.Release|Any CPU.ActiveCfg = Release|Any CPU
		{3B26EB84-74B6-432F-AF10-E6FE2B41A035}.Release|Any CPU.Build.0 = Release|Any CPU
	EndGlobalSection
	GlobalSection(SolutionProperties) = preSolution
		HideSolutionNode = FALSE
	EndGlobalSection
EndGlobal
